// !$*UTF8*$!
{
	archiveVersion = 1;
	classes = {
	};
	objectVersion = 50;
	objects = {

/* Begin PBXBuildFile section */
		0178C58526486C8E00F40667 /* TextEditorView.swift in Sources */ = {isa = PBXBuildFile; fileRef = 0178C58426486C8E00F40667 /* TextEditorView.swift */; };
		0178C58A2648711100F40667 /* ProgressViewView.swift in Sources */ = {isa = PBXBuildFile; fileRef = 0178C5892648711100F40667 /* ProgressViewView.swift */; };
		0178C58E2648746500F40667 /* MapView.swift in Sources */ = {isa = PBXBuildFile; fileRef = 0178C58D2648746500F40667 /* MapView.swift */; };
		0178C5912648766500F40667 /* OnChangeModifierView.swift in Sources */ = {isa = PBXBuildFile; fileRef = 0178C5902648766500F40667 /* OnChangeModifierView.swift */; };
		019175FC264D52B9007CAA5A /* CarouselTabViewStyleView.swift in Sources */ = {isa = PBXBuildFile; fileRef = 019175FB264D52B9007CAA5A /* CarouselTabViewStyleView.swift */; };
		01917600264D656C007CAA5A /* NewViewModifiersSection.swift in Sources */ = {isa = PBXBuildFile; fileRef = 019175FF264D656C007CAA5A /* NewViewModifiersSection.swift */; };
		01917601264D656C007CAA5A /* NewViewModifiersSection.swift in Sources */ = {isa = PBXBuildFile; fileRef = 019175FF264D656C007CAA5A /* NewViewModifiersSection.swift */; };
		01917602264D656C007CAA5A /* NewViewModifiersSection.swift in Sources */ = {isa = PBXBuildFile; fileRef = 019175FF264D656C007CAA5A /* NewViewModifiersSection.swift */; };
		01917604264D6579007CAA5A /* AccessibilitiesSection.swift in Sources */ = {isa = PBXBuildFile; fileRef = 01917603264D6579007CAA5A /* AccessibilitiesSection.swift */; };
		01917605264D6579007CAA5A /* AccessibilitiesSection.swift in Sources */ = {isa = PBXBuildFile; fileRef = 01917603264D6579007CAA5A /* AccessibilitiesSection.swift */; };
		01917606264D6579007CAA5A /* AccessibilitiesSection.swift in Sources */ = {isa = PBXBuildFile; fileRef = 01917603264D6579007CAA5A /* AccessibilitiesSection.swift */; };
		01917608264D6871007CAA5A /* ToggleView.swift in Sources */ = {isa = PBXBuildFile; fileRef = 01917607264D6871007CAA5A /* ToggleView.swift */; };
		01917609264D6871007CAA5A /* ToggleView.swift in Sources */ = {isa = PBXBuildFile; fileRef = 01917607264D6871007CAA5A /* ToggleView.swift */; };
		0191760A264D6871007CAA5A /* ToggleView.swift in Sources */ = {isa = PBXBuildFile; fileRef = 01917607264D6871007CAA5A /* ToggleView.swift */; };
		0191760B264D6BF3007CAA5A /* TextView.swift in Sources */ = {isa = PBXBuildFile; fileRef = 01B12C1E264896B4004A6A1A /* TextView.swift */; };
		0191760C264D930F007CAA5A /* SFSymbolsView.swift in Sources */ = {isa = PBXBuildFile; fileRef = 01B12C20264897C4004A6A1A /* SFSymbolsView.swift */; };
		0191760D264DA429007CAA5A /* ListView.swift in Sources */ = {isa = PBXBuildFile; fileRef = 7582FFC526492F13002C7DC4 /* ListView.swift */; };
		01917611264DAB08007CAA5A /* OnChangeModifierView.swift in Sources */ = {isa = PBXBuildFile; fileRef = 0178C5902648766500F40667 /* OnChangeModifierView.swift */; };
		01917612264DAB08007CAA5A /* RedactedModifierView.swift in Sources */ = {isa = PBXBuildFile; fileRef = 01B12BCF264882E0004A6A1A /* RedactedModifierView.swift */; };
		01A33E84264555C0002F689D /* SwiftUIComponentsApp.swift in Sources */ = {isa = PBXBuildFile; fileRef = 01A33E71264555BF002F689D /* SwiftUIComponentsApp.swift */; };
		01A33E85264555C0002F689D /* SwiftUIComponentsApp.swift in Sources */ = {isa = PBXBuildFile; fileRef = 01A33E71264555BF002F689D /* SwiftUIComponentsApp.swift */; };
		01A33E88264555C0002F689D /* Assets.xcassets in Resources */ = {isa = PBXBuildFile; fileRef = 01A33E73264555C0002F689D /* Assets.xcassets */; };
		01A33E89264555C0002F689D /* Assets.xcassets in Resources */ = {isa = PBXBuildFile; fileRef = 01A33E73264555C0002F689D /* Assets.xcassets */; };
		01A6B734264C69D000934530 /* SegmentedControlView.swift in Sources */ = {isa = PBXBuildFile; fileRef = 01A6B733264C69D000934530 /* SegmentedControlView.swift */; };
		01A6B735264C69D000934530 /* SegmentedControlView.swift in Sources */ = {isa = PBXBuildFile; fileRef = 01A6B733264C69D000934530 /* SegmentedControlView.swift */; };
		01A6B736264C724600934530 /* SwiftUIComponents.swift in Sources */ = {isa = PBXBuildFile; fileRef = 750BBD72264BF148009CB1C9 /* SwiftUIComponents.swift */; };
		01A6B737264C725000934530 /* NewComponentsSection.swift in Sources */ = {isa = PBXBuildFile; fileRef = 750BBD75264BF2B5009CB1C9 /* NewComponentsSection.swift */; };
		01A6B738264C725300934530 /* ProgressViewView.swift in Sources */ = {isa = PBXBuildFile; fileRef = 0178C5892648711100F40667 /* ProgressViewView.swift */; };
		01A6B739264C733A00934530 /* NavTitleModifier.swift in Sources */ = {isa = PBXBuildFile; fileRef = 7582FFBD26491983002C7DC4 /* NavTitleModifier.swift */; };
		01A6B73A264C733B00934530 /* SegmentedControlView.swift in Sources */ = {isa = PBXBuildFile; fileRef = 01A6B733264C69D000934530 /* SegmentedControlView.swift */; };
		01A6B73C264C78E500934530 /* OSPaddingModifier.swift in Sources */ = {isa = PBXBuildFile; fileRef = 01A6B73B264C78E500934530 /* OSPaddingModifier.swift */; };
		01A6B73D264C78E500934530 /* OSPaddingModifier.swift in Sources */ = {isa = PBXBuildFile; fileRef = 01A6B73B264C78E500934530 /* OSPaddingModifier.swift */; };
		01A6B73E264C7AB900934530 /* Helper.swift in Sources */ = {isa = PBXBuildFile; fileRef = 7582FFBA26491749002C7DC4 /* Helper.swift */; };
		01A6B73F264C7ABE00934530 /* OSPaddingModifier.swift in Sources */ = {isa = PBXBuildFile; fileRef = 01A6B73B264C78E500934530 /* OSPaddingModifier.swift */; };
		01A6B740264C7D8100934530 /* LinkView.swift in Sources */ = {isa = PBXBuildFile; fileRef = 01B12BC2264877C4004A6A1A /* LinkView.swift */; };
		01A6B741264C804C00934530 /* LabelView.swift in Sources */ = {isa = PBXBuildFile; fileRef = 01B12BCB26488079004A6A1A /* LabelView.swift */; };
		01A6B742264C861B00934530 /* Assets.xcassets in Resources */ = {isa = PBXBuildFile; fileRef = 01A33E73264555C0002F689D /* Assets.xcassets */; };
		01A6B743264CA3EC00934530 /* VideoPlayerView.swift in Sources */ = {isa = PBXBuildFile; fileRef = 01B12BD326488929004A6A1A /* VideoPlayerView.swift */; };
		01A6B745264CA4D700934530 /* testVideo.mp4 in Resources */ = {isa = PBXBuildFile; fileRef = 01A6B744264CA4D700934530 /* testVideo.mp4 */; };
		01A6B746264CA4D700934530 /* testVideo.mp4 in Resources */ = {isa = PBXBuildFile; fileRef = 01A6B744264CA4D700934530 /* testVideo.mp4 */; };
		01A6B747264CA4D700934530 /* testVideo.mp4 in Resources */ = {isa = PBXBuildFile; fileRef = 01A6B744264CA4D700934530 /* testVideo.mp4 */; };
		01A6B754264CAB2D00934530 /* UpdatedComponentsSection.swift in Sources */ = {isa = PBXBuildFile; fileRef = 01A6B753264CAB2D00934530 /* UpdatedComponentsSection.swift */; };
		01A6B755264CAB2D00934530 /* UpdatedComponentsSection.swift in Sources */ = {isa = PBXBuildFile; fileRef = 01A6B753264CAB2D00934530 /* UpdatedComponentsSection.swift */; };
		01A6B756264CAB2D00934530 /* UpdatedComponentsSection.swift in Sources */ = {isa = PBXBuildFile; fileRef = 01A6B753264CAB2D00934530 /* UpdatedComponentsSection.swift */; };
		01B12BC3264877C4004A6A1A /* LinkView.swift in Sources */ = {isa = PBXBuildFile; fileRef = 01B12BC2264877C4004A6A1A /* LinkView.swift */; };
		01B12BC5264877CF004A6A1A /* ColorPickerView.swift in Sources */ = {isa = PBXBuildFile; fileRef = 01B12BC4264877CF004A6A1A /* ColorPickerView.swift */; };
		01B12BC7264877FC004A6A1A /* PageTabViewStyleView.swift in Sources */ = {isa = PBXBuildFile; fileRef = 01B12BC6264877FC004A6A1A /* PageTabViewStyleView.swift */; };
		01B12BCA26487ADB004A6A1A /* ScrollViewReaderView.swift in Sources */ = {isa = PBXBuildFile; fileRef = 01B12BC926487ADB004A6A1A /* ScrollViewReaderView.swift */; };
		01B12BCC26488079004A6A1A /* LabelView.swift in Sources */ = {isa = PBXBuildFile; fileRef = 01B12BCB26488079004A6A1A /* LabelView.swift */; };
		01B12BCE264881E2004A6A1A /* DatePickerView.swift in Sources */ = {isa = PBXBuildFile; fileRef = 01B12BCD264881E2004A6A1A /* DatePickerView.swift */; };
		01B12BD0264882E0004A6A1A /* RedactedModifierView.swift in Sources */ = {isa = PBXBuildFile; fileRef = 01B12BCF264882E0004A6A1A /* RedactedModifierView.swift */; };
		01B12BD22648851E004A6A1A /* AppStoreOverlayView.swift in Sources */ = {isa = PBXBuildFile; fileRef = 01B12BD12648851E004A6A1A /* AppStoreOverlayView.swift */; };
		01B12BD426488929004A6A1A /* VideoPlayerView.swift in Sources */ = {isa = PBXBuildFile; fileRef = 01B12BD326488929004A6A1A /* VideoPlayerView.swift */; };
		01B12BD626488CFE004A6A1A /* SignInWithAppleButtonView.swift in Sources */ = {isa = PBXBuildFile; fileRef = 01B12BD526488CFE004A6A1A /* SignInWithAppleButtonView.swift */; };
		01B12BEF26489346004A6A1A /* SwiftUIComponents WatchKit App.app in Embed Watch Content */ = {isa = PBXBuildFile; fileRef = 01B12BEE26489346004A6A1A /* SwiftUIComponents WatchKit App.app */; settings = {ATTRIBUTES = (RemoveHeadersOnCopy, ); }; };
		01B12BF426489347004A6A1A /* Assets.xcassets in Resources */ = {isa = PBXBuildFile; fileRef = 01B12BF326489347004A6A1A /* Assets.xcassets */; };
		01B12BFB26489347004A6A1A /* SwiftUIComponents WatchKit Extension.appex in Embed App Extensions */ = {isa = PBXBuildFile; fileRef = 01B12BFA26489347004A6A1A /* SwiftUIComponents WatchKit Extension.appex */; settings = {ATTRIBUTES = (RemoveHeadersOnCopy, ); }; };
		01B12C0026489347004A6A1A /* SwiftUIComponentsApp.swift in Sources */ = {isa = PBXBuildFile; fileRef = 01B12BFF26489347004A6A1A /* SwiftUIComponentsApp.swift */; };
		01B12C0426489347004A6A1A /* NotificationController.swift in Sources */ = {isa = PBXBuildFile; fileRef = 01B12C0326489347004A6A1A /* NotificationController.swift */; };
		01B12C0626489347004A6A1A /* NotificationView.swift in Sources */ = {isa = PBXBuildFile; fileRef = 01B12C0526489347004A6A1A /* NotificationView.swift */; };
		01B12C0826489347004A6A1A /* ComplicationController.swift in Sources */ = {isa = PBXBuildFile; fileRef = 01B12C0726489347004A6A1A /* ComplicationController.swift */; };
		01B12C0A26489348004A6A1A /* Assets.xcassets in Resources */ = {isa = PBXBuildFile; fileRef = 01B12C0926489348004A6A1A /* Assets.xcassets */; };
		01B12C0D26489348004A6A1A /* Preview Assets.xcassets in Resources */ = {isa = PBXBuildFile; fileRef = 01B12C0C26489348004A6A1A /* Preview Assets.xcassets */; };
		01B12C1C2648942A004A6A1A /* GaugeView.swift in Sources */ = {isa = PBXBuildFile; fileRef = 01B12C1B2648942A004A6A1A /* GaugeView.swift */; };
		01B12C1F264896B4004A6A1A /* TextView.swift in Sources */ = {isa = PBXBuildFile; fileRef = 01B12C1E264896B4004A6A1A /* TextView.swift */; };
		01B12C21264897C4004A6A1A /* SFSymbolsView.swift in Sources */ = {isa = PBXBuildFile; fileRef = 01B12C20264897C4004A6A1A /* SFSymbolsView.swift */; };
		01B12C23264898E0004A6A1A /* ToolbarView.swift in Sources */ = {isa = PBXBuildFile; fileRef = 01B12C22264898E0004A6A1A /* ToolbarView.swift */; };
		01DA6451264DC8E60084BA87 /* DynamicTypeView.swift in Sources */ = {isa = PBXBuildFile; fileRef = 7582FFE126495B57002C7DC4 /* DynamicTypeView.swift */; };
		01DA6452264DCE1E0084BA87 /* HelpModifierView.swift in Sources */ = {isa = PBXBuildFile; fileRef = 7582FFDA264954BC002C7DC4 /* HelpModifierView.swift */; };
		75024B95264A96830042FC11 /* SignInWithAppleButtonView.swift in Sources */ = {isa = PBXBuildFile; fileRef = 01B12BD526488CFE004A6A1A /* SignInWithAppleButtonView.swift */; };
		75024B96264A9C490042FC11 /* MapView.swift in Sources */ = {isa = PBXBuildFile; fileRef = 0178C58D2648746500F40667 /* MapView.swift */; };
		75024B97264AA3880042FC11 /* ToolbarView.swift in Sources */ = {isa = PBXBuildFile; fileRef = 01B12C22264898E0004A6A1A /* ToolbarView.swift */; };
		75054017264E648700543114 /* testVideo2.mp4 in Resources */ = {isa = PBXBuildFile; fileRef = 75054016264E648700543114 /* testVideo2.mp4 */; };
		75054018264E648700543114 /* testVideo2.mp4 in Resources */ = {isa = PBXBuildFile; fileRef = 75054016264E648700543114 /* testVideo2.mp4 */; };
		75054019264E648700543114 /* testVideo2.mp4 in Resources */ = {isa = PBXBuildFile; fileRef = 75054016264E648700543114 /* testVideo2.mp4 */; };
		750BBD73264BF148009CB1C9 /* SwiftUIComponents.swift in Sources */ = {isa = PBXBuildFile; fileRef = 750BBD72264BF148009CB1C9 /* SwiftUIComponents.swift */; };
		750BBD74264BF148009CB1C9 /* SwiftUIComponents.swift in Sources */ = {isa = PBXBuildFile; fileRef = 750BBD72264BF148009CB1C9 /* SwiftUIComponents.swift */; };
		750BBD76264BF2B5009CB1C9 /* NewComponentsSection.swift in Sources */ = {isa = PBXBuildFile; fileRef = 750BBD75264BF2B5009CB1C9 /* NewComponentsSection.swift */; };
		750BBD77264BF2B5009CB1C9 /* NewComponentsSection.swift in Sources */ = {isa = PBXBuildFile; fileRef = 750BBD75264BF2B5009CB1C9 /* NewComponentsSection.swift */; };
		7524CA7E264AAF410070E883 /* PageTabViewStyleView.swift in Sources */ = {isa = PBXBuildFile; fileRef = 01B12BC6264877FC004A6A1A /* PageTabViewStyleView.swift */; };
		7524CA80264AB8DA0070E883 /* ScrollViewReaderView.swift in Sources */ = {isa = PBXBuildFile; fileRef = 01B12BC926487ADB004A6A1A /* ScrollViewReaderView.swift */; };
		7582FFA526491618002C7DC4 /* TextView.swift in Sources */ = {isa = PBXBuildFile; fileRef = 01B12C1E264896B4004A6A1A /* TextView.swift */; };
		7582FFA626491618002C7DC4 /* SFSymbolsView.swift in Sources */ = {isa = PBXBuildFile; fileRef = 01B12C20264897C4004A6A1A /* SFSymbolsView.swift */; };
		7582FFA726491618002C7DC4 /* ScrollViewReaderView.swift in Sources */ = {isa = PBXBuildFile; fileRef = 01B12BC926487ADB004A6A1A /* ScrollViewReaderView.swift */; };
		7582FFA82649161C002C7DC4 /* PageTabViewStyleView.swift in Sources */ = {isa = PBXBuildFile; fileRef = 01B12BC6264877FC004A6A1A /* PageTabViewStyleView.swift */; };
		7582FFAA2649161C002C7DC4 /* OnChangeModifierView.swift in Sources */ = {isa = PBXBuildFile; fileRef = 0178C5902648766500F40667 /* OnChangeModifierView.swift */; };
		7582FFAB2649161C002C7DC4 /* RedactedModifierView.swift in Sources */ = {isa = PBXBuildFile; fileRef = 01B12BCF264882E0004A6A1A /* RedactedModifierView.swift */; };
		7582FFAD26491639002C7DC4 /* SignInWithAppleButtonView.swift in Sources */ = {isa = PBXBuildFile; fileRef = 01B12BD526488CFE004A6A1A /* SignInWithAppleButtonView.swift */; };
		7582FFAE26491639002C7DC4 /* ToolbarView.swift in Sources */ = {isa = PBXBuildFile; fileRef = 01B12C22264898E0004A6A1A /* ToolbarView.swift */; };
		7582FFB126491639002C7DC4 /* LinkView.swift in Sources */ = {isa = PBXBuildFile; fileRef = 01B12BC2264877C4004A6A1A /* LinkView.swift */; };
		7582FFB226491639002C7DC4 /* ColorPickerView.swift in Sources */ = {isa = PBXBuildFile; fileRef = 01B12BC4264877CF004A6A1A /* ColorPickerView.swift */; };
		7582FFB326491639002C7DC4 /* TextEditorView.swift in Sources */ = {isa = PBXBuildFile; fileRef = 0178C58426486C8E00F40667 /* TextEditorView.swift */; };
		7582FFB426491639002C7DC4 /* MapView.swift in Sources */ = {isa = PBXBuildFile; fileRef = 0178C58D2648746500F40667 /* MapView.swift */; };
		7582FFB526491639002C7DC4 /* VideoPlayerView.swift in Sources */ = {isa = PBXBuildFile; fileRef = 01B12BD326488929004A6A1A /* VideoPlayerView.swift */; };
		7582FFB626491639002C7DC4 /* ProgressViewView.swift in Sources */ = {isa = PBXBuildFile; fileRef = 0178C5892648711100F40667 /* ProgressViewView.swift */; };
		7582FFB726491639002C7DC4 /* LabelView.swift in Sources */ = {isa = PBXBuildFile; fileRef = 01B12BCB26488079004A6A1A /* LabelView.swift */; };
		7582FFB826491639002C7DC4 /* DatePickerView.swift in Sources */ = {isa = PBXBuildFile; fileRef = 01B12BCD264881E2004A6A1A /* DatePickerView.swift */; };
		7582FFBB26491749002C7DC4 /* Helper.swift in Sources */ = {isa = PBXBuildFile; fileRef = 7582FFBA26491749002C7DC4 /* Helper.swift */; };
		7582FFBC26491749002C7DC4 /* Helper.swift in Sources */ = {isa = PBXBuildFile; fileRef = 7582FFBA26491749002C7DC4 /* Helper.swift */; };
		7582FFBE26491983002C7DC4 /* NavTitleModifier.swift in Sources */ = {isa = PBXBuildFile; fileRef = 7582FFBD26491983002C7DC4 /* NavTitleModifier.swift */; };
		7582FFBF26491983002C7DC4 /* NavTitleModifier.swift in Sources */ = {isa = PBXBuildFile; fileRef = 7582FFBD26491983002C7DC4 /* NavTitleModifier.swift */; };
		7582FFC626492F13002C7DC4 /* ListView.swift in Sources */ = {isa = PBXBuildFile; fileRef = 7582FFC526492F13002C7DC4 /* ListView.swift */; };
		7582FFC726492F13002C7DC4 /* ListView.swift in Sources */ = {isa = PBXBuildFile; fileRef = 7582FFC526492F13002C7DC4 /* ListView.swift */; };
		7582FFD826495452002C7DC4 /* ContextMenuView.swift in Sources */ = {isa = PBXBuildFile; fileRef = 7582FFD726495452002C7DC4 /* ContextMenuView.swift */; };
		7582FFD926495452002C7DC4 /* ContextMenuView.swift in Sources */ = {isa = PBXBuildFile; fileRef = 7582FFD726495452002C7DC4 /* ContextMenuView.swift */; };
		7582FFDB264954BC002C7DC4 /* HelpModifierView.swift in Sources */ = {isa = PBXBuildFile; fileRef = 7582FFDA264954BC002C7DC4 /* HelpModifierView.swift */; };
		7582FFDC264954BC002C7DC4 /* HelpModifierView.swift in Sources */ = {isa = PBXBuildFile; fileRef = 7582FFDA264954BC002C7DC4 /* HelpModifierView.swift */; };
		7582FFE226495B57002C7DC4 /* DynamicTypeView.swift in Sources */ = {isa = PBXBuildFile; fileRef = 7582FFE126495B57002C7DC4 /* DynamicTypeView.swift */; };
		7582FFE326495B57002C7DC4 /* DynamicTypeView.swift in Sources */ = {isa = PBXBuildFile; fileRef = 7582FFE126495B57002C7DC4 /* DynamicTypeView.swift */; };
		7582FFEC26495FC9002C7DC4 /* Lato-Thin.ttf in Resources */ = {isa = PBXBuildFile; fileRef = 7582FFEB26495FC8002C7DC4 /* Lato-Thin.ttf */; };
		7582FFED26495FC9002C7DC4 /* Lato-Thin.ttf in Resources */ = {isa = PBXBuildFile; fileRef = 7582FFEB26495FC8002C7DC4 /* Lato-Thin.ttf */; };
/* End PBXBuildFile section */

/* Begin PBXContainerItemProxy section */
		01B12BF026489346004A6A1A /* PBXContainerItemProxy */ = {
			isa = PBXContainerItemProxy;
			containerPortal = 01A33E6C264555BE002F689D /* Project object */;
			proxyType = 1;
			remoteGlobalIDString = 01B12BED26489346004A6A1A;
			remoteInfo = "SwiftUIComponents WatchKit App";
		};
		01B12BFC26489347004A6A1A /* PBXContainerItemProxy */ = {
			isa = PBXContainerItemProxy;
			containerPortal = 01A33E6C264555BE002F689D /* Project object */;
			proxyType = 1;
			remoteGlobalIDString = 01B12BF926489347004A6A1A;
			remoteInfo = "SwiftUIComponents WatchKit Extension";
		};
/* End PBXContainerItemProxy section */

/* Begin PBXCopyFilesBuildPhase section */
		01B12C1326489348004A6A1A /* Embed App Extensions */ = {
			isa = PBXCopyFilesBuildPhase;
			buildActionMask = 2147483647;
			dstPath = "";
			dstSubfolderSpec = 13;
			files = (
				01B12BFB26489347004A6A1A /* SwiftUIComponents WatchKit Extension.appex in Embed App Extensions */,
			);
			name = "Embed App Extensions";
			runOnlyForDeploymentPostprocessing = 0;
		};
		01B12C1726489348004A6A1A /* Embed Watch Content */ = {
			isa = PBXCopyFilesBuildPhase;
			buildActionMask = 2147483647;
			dstPath = "$(CONTENTS_FOLDER_PATH)/Watch";
			dstSubfolderSpec = 16;
			files = (
				01B12BEF26489346004A6A1A /* SwiftUIComponents WatchKit App.app in Embed Watch Content */,
			);
			name = "Embed Watch Content";
			runOnlyForDeploymentPostprocessing = 0;
		};
/* End PBXCopyFilesBuildPhase section */

/* Begin PBXFileReference section */
		0178C58426486C8E00F40667 /* TextEditorView.swift */ = {isa = PBXFileReference; lastKnownFileType = sourcecode.swift; path = TextEditorView.swift; sourceTree = "<group>"; };
		0178C5892648711100F40667 /* ProgressViewView.swift */ = {isa = PBXFileReference; lastKnownFileType = sourcecode.swift; path = ProgressViewView.swift; sourceTree = "<group>"; };
		0178C58D2648746500F40667 /* MapView.swift */ = {isa = PBXFileReference; lastKnownFileType = sourcecode.swift; path = MapView.swift; sourceTree = "<group>"; };
		0178C5902648766500F40667 /* OnChangeModifierView.swift */ = {isa = PBXFileReference; lastKnownFileType = sourcecode.swift; path = OnChangeModifierView.swift; sourceTree = "<group>"; };
		019175FB264D52B9007CAA5A /* CarouselTabViewStyleView.swift */ = {isa = PBXFileReference; lastKnownFileType = sourcecode.swift; path = CarouselTabViewStyleView.swift; sourceTree = "<group>"; };
		019175FF264D656C007CAA5A /* NewViewModifiersSection.swift */ = {isa = PBXFileReference; lastKnownFileType = sourcecode.swift; path = NewViewModifiersSection.swift; sourceTree = "<group>"; };
		01917603264D6579007CAA5A /* AccessibilitiesSection.swift */ = {isa = PBXFileReference; lastKnownFileType = sourcecode.swift; path = AccessibilitiesSection.swift; sourceTree = "<group>"; };
		01917607264D6871007CAA5A /* ToggleView.swift */ = {isa = PBXFileReference; lastKnownFileType = sourcecode.swift; path = ToggleView.swift; sourceTree = "<group>"; };
		01A33E71264555BF002F689D /* SwiftUIComponentsApp.swift */ = {isa = PBXFileReference; lastKnownFileType = sourcecode.swift; path = SwiftUIComponentsApp.swift; sourceTree = "<group>"; };
		01A33E73264555C0002F689D /* Assets.xcassets */ = {isa = PBXFileReference; lastKnownFileType = folder.assetcatalog; path = Assets.xcassets; sourceTree = "<group>"; };
		01A33E78264555C0002F689D /* SwiftUIComponents.app */ = {isa = PBXFileReference; explicitFileType = wrapper.application; includeInIndex = 0; path = SwiftUIComponents.app; sourceTree = BUILT_PRODUCTS_DIR; };
		01A33E7B264555C0002F689D /* Info.plist */ = {isa = PBXFileReference; lastKnownFileType = text.plist.xml; path = Info.plist; sourceTree = "<group>"; };
		01A33E80264555C0002F689D /* SwiftUIComponents.app */ = {isa = PBXFileReference; explicitFileType = wrapper.application; includeInIndex = 0; path = SwiftUIComponents.app; sourceTree = BUILT_PRODUCTS_DIR; };
		01A33E82264555C0002F689D /* Info.plist */ = {isa = PBXFileReference; lastKnownFileType = text.plist.xml; path = Info.plist; sourceTree = "<group>"; };
		01A33E83264555C0002F689D /* macOS.entitlements */ = {isa = PBXFileReference; lastKnownFileType = text.plist.entitlements; path = macOS.entitlements; sourceTree = "<group>"; };
		01A6B733264C69D000934530 /* SegmentedControlView.swift */ = {isa = PBXFileReference; lastKnownFileType = sourcecode.swift; path = SegmentedControlView.swift; sourceTree = "<group>"; };
		01A6B73B264C78E500934530 /* OSPaddingModifier.swift */ = {isa = PBXFileReference; lastKnownFileType = sourcecode.swift; path = OSPaddingModifier.swift; sourceTree = "<group>"; };
		01A6B744264CA4D700934530 /* testVideo.mp4 */ = {isa = PBXFileReference; lastKnownFileType = file; path = testVideo.mp4; sourceTree = "<group>"; };
		01A6B749264CA5ED00934530 /* AVKit.framework */ = {isa = PBXFileReference; lastKnownFileType = wrapper.framework; name = AVKit.framework; path = Platforms/WatchOS.platform/Developer/SDKs/WatchOS7.4.sdk/System/Library/Frameworks/AVKit.framework; sourceTree = DEVELOPER_DIR; };
		01A6B753264CAB2D00934530 /* UpdatedComponentsSection.swift */ = {isa = PBXFileReference; lastKnownFileType = sourcecode.swift; path = UpdatedComponentsSection.swift; sourceTree = "<group>"; };
		01B12BC2264877C4004A6A1A /* LinkView.swift */ = {isa = PBXFileReference; lastKnownFileType = sourcecode.swift; path = LinkView.swift; sourceTree = "<group>"; };
		01B12BC4264877CF004A6A1A /* ColorPickerView.swift */ = {isa = PBXFileReference; lastKnownFileType = sourcecode.swift; path = ColorPickerView.swift; sourceTree = "<group>"; };
		01B12BC6264877FC004A6A1A /* PageTabViewStyleView.swift */ = {isa = PBXFileReference; lastKnownFileType = sourcecode.swift; path = PageTabViewStyleView.swift; sourceTree = "<group>"; };
		01B12BC926487ADB004A6A1A /* ScrollViewReaderView.swift */ = {isa = PBXFileReference; lastKnownFileType = sourcecode.swift; path = ScrollViewReaderView.swift; sourceTree = "<group>"; };
		01B12BCB26488079004A6A1A /* LabelView.swift */ = {isa = PBXFileReference; lastKnownFileType = sourcecode.swift; path = LabelView.swift; sourceTree = "<group>"; };
		01B12BCD264881E2004A6A1A /* DatePickerView.swift */ = {isa = PBXFileReference; lastKnownFileType = sourcecode.swift; path = DatePickerView.swift; sourceTree = "<group>"; };
		01B12BCF264882E0004A6A1A /* RedactedModifierView.swift */ = {isa = PBXFileReference; lastKnownFileType = sourcecode.swift; path = RedactedModifierView.swift; sourceTree = "<group>"; };
		01B12BD12648851E004A6A1A /* AppStoreOverlayView.swift */ = {isa = PBXFileReference; lastKnownFileType = sourcecode.swift; path = AppStoreOverlayView.swift; sourceTree = "<group>"; };
		01B12BD326488929004A6A1A /* VideoPlayerView.swift */ = {isa = PBXFileReference; lastKnownFileType = sourcecode.swift; path = VideoPlayerView.swift; sourceTree = "<group>"; };
		01B12BD526488CFE004A6A1A /* SignInWithAppleButtonView.swift */ = {isa = PBXFileReference; lastKnownFileType = sourcecode.swift; path = SignInWithAppleButtonView.swift; sourceTree = "<group>"; };
		01B12BD726488D8E004A6A1A /* SwiftUIComponents.entitlements */ = {isa = PBXFileReference; lastKnownFileType = text.plist.entitlements; path = SwiftUIComponents.entitlements; sourceTree = "<group>"; };
		01B12BEB26489346004A6A1A /* SwiftUIComponents.app */ = {isa = PBXFileReference; explicitFileType = wrapper.application; includeInIndex = 0; path = SwiftUIComponents.app; sourceTree = BUILT_PRODUCTS_DIR; };
		01B12BEE26489346004A6A1A /* SwiftUIComponents WatchKit App.app */ = {isa = PBXFileReference; explicitFileType = wrapper.application; includeInIndex = 0; path = "SwiftUIComponents WatchKit App.app"; sourceTree = BUILT_PRODUCTS_DIR; };
		01B12BF326489347004A6A1A /* Assets.xcassets */ = {isa = PBXFileReference; lastKnownFileType = folder.assetcatalog; path = Assets.xcassets; sourceTree = "<group>"; };
		01B12BF526489347004A6A1A /* Info.plist */ = {isa = PBXFileReference; lastKnownFileType = text.plist.xml; path = Info.plist; sourceTree = "<group>"; };
		01B12BFA26489347004A6A1A /* SwiftUIComponents WatchKit Extension.appex */ = {isa = PBXFileReference; explicitFileType = "wrapper.app-extension"; includeInIndex = 0; path = "SwiftUIComponents WatchKit Extension.appex"; sourceTree = BUILT_PRODUCTS_DIR; };
		01B12BFF26489347004A6A1A /* SwiftUIComponentsApp.swift */ = {isa = PBXFileReference; lastKnownFileType = sourcecode.swift; path = SwiftUIComponentsApp.swift; sourceTree = "<group>"; };
		01B12C0326489347004A6A1A /* NotificationController.swift */ = {isa = PBXFileReference; lastKnownFileType = sourcecode.swift; path = NotificationController.swift; sourceTree = "<group>"; };
		01B12C0526489347004A6A1A /* NotificationView.swift */ = {isa = PBXFileReference; lastKnownFileType = sourcecode.swift; path = NotificationView.swift; sourceTree = "<group>"; };
		01B12C0726489347004A6A1A /* ComplicationController.swift */ = {isa = PBXFileReference; lastKnownFileType = sourcecode.swift; path = ComplicationController.swift; sourceTree = "<group>"; };
		01B12C0926489348004A6A1A /* Assets.xcassets */ = {isa = PBXFileReference; lastKnownFileType = folder.assetcatalog; path = Assets.xcassets; sourceTree = "<group>"; };
		01B12C0C26489348004A6A1A /* Preview Assets.xcassets */ = {isa = PBXFileReference; lastKnownFileType = folder.assetcatalog; path = "Preview Assets.xcassets"; sourceTree = "<group>"; };
		01B12C0E26489348004A6A1A /* Info.plist */ = {isa = PBXFileReference; lastKnownFileType = text.plist.xml; path = Info.plist; sourceTree = "<group>"; };
		01B12C0F26489348004A6A1A /* PushNotificationPayload.apns */ = {isa = PBXFileReference; lastKnownFileType = text; path = PushNotificationPayload.apns; sourceTree = "<group>"; };
		01B12C1B2648942A004A6A1A /* GaugeView.swift */ = {isa = PBXFileReference; lastKnownFileType = sourcecode.swift; path = GaugeView.swift; sourceTree = "<group>"; };
		01B12C1E264896B4004A6A1A /* TextView.swift */ = {isa = PBXFileReference; lastKnownFileType = sourcecode.swift; path = TextView.swift; sourceTree = "<group>"; };
		01B12C20264897C4004A6A1A /* SFSymbolsView.swift */ = {isa = PBXFileReference; lastKnownFileType = sourcecode.swift; path = SFSymbolsView.swift; sourceTree = "<group>"; };
		01B12C22264898E0004A6A1A /* ToolbarView.swift */ = {isa = PBXFileReference; lastKnownFileType = sourcecode.swift; path = ToolbarView.swift; sourceTree = "<group>"; };
		75054016264E648700543114 /* testVideo2.mp4 */ = {isa = PBXFileReference; lastKnownFileType = file; path = testVideo2.mp4; sourceTree = "<group>"; };
		750BBD72264BF148009CB1C9 /* SwiftUIComponents.swift */ = {isa = PBXFileReference; lastKnownFileType = sourcecode.swift; path = SwiftUIComponents.swift; sourceTree = "<group>"; };
		750BBD75264BF2B5009CB1C9 /* NewComponentsSection.swift */ = {isa = PBXFileReference; lastKnownFileType = sourcecode.swift; path = NewComponentsSection.swift; sourceTree = "<group>"; };
		7582FFBA26491749002C7DC4 /* Helper.swift */ = {isa = PBXFileReference; lastKnownFileType = sourcecode.swift; path = Helper.swift; sourceTree = "<group>"; };
		7582FFBD26491983002C7DC4 /* NavTitleModifier.swift */ = {isa = PBXFileReference; lastKnownFileType = sourcecode.swift; path = NavTitleModifier.swift; sourceTree = "<group>"; };
		7582FFC526492F13002C7DC4 /* ListView.swift */ = {isa = PBXFileReference; lastKnownFileType = sourcecode.swift; path = ListView.swift; sourceTree = "<group>"; };
		7582FFD726495452002C7DC4 /* ContextMenuView.swift */ = {isa = PBXFileReference; lastKnownFileType = sourcecode.swift; path = ContextMenuView.swift; sourceTree = "<group>"; };
		7582FFDA264954BC002C7DC4 /* HelpModifierView.swift */ = {isa = PBXFileReference; lastKnownFileType = sourcecode.swift; path = HelpModifierView.swift; sourceTree = "<group>"; };
		7582FFE126495B57002C7DC4 /* DynamicTypeView.swift */ = {isa = PBXFileReference; lastKnownFileType = sourcecode.swift; path = DynamicTypeView.swift; sourceTree = "<group>"; };
		7582FFEB26495FC8002C7DC4 /* Lato-Thin.ttf */ = {isa = PBXFileReference; lastKnownFileType = file; path = "Lato-Thin.ttf"; sourceTree = "<group>"; };
/* End PBXFileReference section */

/* Begin PBXFrameworksBuildPhase section */
		01A33E75264555C0002F689D /* Frameworks */ = {
			isa = PBXFrameworksBuildPhase;
			buildActionMask = 2147483647;
			files = (
			);
			runOnlyForDeploymentPostprocessing = 0;
		};
		01A33E7D264555C0002F689D /* Frameworks */ = {
			isa = PBXFrameworksBuildPhase;
			buildActionMask = 2147483647;
			files = (
			);
			runOnlyForDeploymentPostprocessing = 0;
		};
		01B12BF726489347004A6A1A /* Frameworks */ = {
			isa = PBXFrameworksBuildPhase;
			buildActionMask = 2147483647;
			files = (
			);
			runOnlyForDeploymentPostprocessing = 0;
		};
/* End PBXFrameworksBuildPhase section */

/* Begin PBXGroup section */
		019175FD264D54E5007CAA5A /* Accessibilities */ = {
			isa = PBXGroup;
			children = (
				7582FFDA264954BC002C7DC4 /* HelpModifierView.swift */,
				7582FFE126495B57002C7DC4 /* DynamicTypeView.swift */,
			);
			path = Accessibilities;
			sourceTree = "<group>";
		};
		019175FE264D550E007CAA5A /* New Modifiers */ = {
			isa = PBXGroup;
			children = (
				0178C5902648766500F40667 /* OnChangeModifierView.swift */,
				7582FFD726495452002C7DC4 /* ContextMenuView.swift */,
				01B12BCF264882E0004A6A1A /* RedactedModifierView.swift */,
				01B12BD12648851E004A6A1A /* AppStoreOverlayView.swift */,
				01B12C22264898E0004A6A1A /* ToolbarView.swift */,
			);
			path = "New Modifiers";
			sourceTree = "<group>";
		};
		01A33E6B264555BE002F689D = {
			isa = PBXGroup;
			children = (
				01B12BD726488D8E004A6A1A /* SwiftUIComponents.entitlements */,
				01A33E70264555BF002F689D /* Shared */,
				01A33E7A264555C0002F689D /* iOS */,
				01A33E81264555C0002F689D /* macOS */,
				01B12BF226489346004A6A1A /* SwiftUIComponents WatchKit App */,
				01B12BFE26489347004A6A1A /* SwiftUIComponents WatchKit Extension */,
				01A33E79264555C0002F689D /* Products */,
				01A6B748264CA5ED00934530 /* Frameworks */,
			);
			sourceTree = "<group>";
		};
		01A33E70264555BF002F689D /* Shared */ = {
			isa = PBXGroup;
			children = (
				7582FFE726495F24002C7DC4 /* Assets */,
				750BBD78264BF51E009CB1C9 /* Extensions And Helpers */,
				7582FFC826493259002C7DC4 /* Sections */,
				01A33E71264555BF002F689D /* SwiftUIComponentsApp.swift */,
				750BBD72264BF148009CB1C9 /* SwiftUIComponents.swift */,
			);
			path = Shared;
			sourceTree = "<group>";
		};
		01A33E79264555C0002F689D /* Products */ = {
			isa = PBXGroup;
			children = (
				01A33E78264555C0002F689D /* SwiftUIComponents.app */,
				01A33E80264555C0002F689D /* SwiftUIComponents.app */,
				01B12BEB26489346004A6A1A /* SwiftUIComponents.app */,
				01B12BEE26489346004A6A1A /* SwiftUIComponents WatchKit App.app */,
				01B12BFA26489347004A6A1A /* SwiftUIComponents WatchKit Extension.appex */,
			);
			name = Products;
			sourceTree = "<group>";
		};
		01A33E7A264555C0002F689D /* iOS */ = {
			isa = PBXGroup;
			children = (
				01A33E7B264555C0002F689D /* Info.plist */,
			);
			path = iOS;
			sourceTree = "<group>";
		};
		01A33E81264555C0002F689D /* macOS */ = {
			isa = PBXGroup;
			children = (
				7582FFC026491FA7002C7DC4 /* NewComponents */,
				01A33E82264555C0002F689D /* Info.plist */,
				01A33E83264555C0002F689D /* macOS.entitlements */,
			);
			path = macOS;
			sourceTree = "<group>";
		};
		01A6B748264CA5ED00934530 /* Frameworks */ = {
			isa = PBXGroup;
			children = (
				01A6B749264CA5ED00934530 /* AVKit.framework */,
			);
			name = Frameworks;
			sourceTree = "<group>";
		};
		01A6B752264CAAEA00934530 /* Updated Components */ = {
			isa = PBXGroup;
			children = (
				01B12BC926487ADB004A6A1A /* ScrollViewReaderView.swift */,
				01B12BC6264877FC004A6A1A /* PageTabViewStyleView.swift */,
				019175FB264D52B9007CAA5A /* CarouselTabViewStyleView.swift */,
				01917607264D6871007CAA5A /* ToggleView.swift */,
				01B12C1E264896B4004A6A1A /* TextView.swift */,
				01B12C20264897C4004A6A1A /* SFSymbolsView.swift */,
				7582FFC526492F13002C7DC4 /* ListView.swift */,
			);
			path = "Updated Components";
			sourceTree = "<group>";
		};
		01B12BF226489346004A6A1A /* SwiftUIComponents WatchKit App */ = {
			isa = PBXGroup;
			children = (
				01B12BF326489347004A6A1A /* Assets.xcassets */,
				01B12BF526489347004A6A1A /* Info.plist */,
			);
			path = "SwiftUIComponents WatchKit App";
			sourceTree = "<group>";
		};
		01B12BFE26489347004A6A1A /* SwiftUIComponents WatchKit Extension */ = {
			isa = PBXGroup;
			children = (
				01B12BFF26489347004A6A1A /* SwiftUIComponentsApp.swift */,
				01B12C0326489347004A6A1A /* NotificationController.swift */,
				01B12C0526489347004A6A1A /* NotificationView.swift */,
				01B12C0726489347004A6A1A /* ComplicationController.swift */,
				01B12C0926489348004A6A1A /* Assets.xcassets */,
				01B12C0E26489348004A6A1A /* Info.plist */,
				01B12C0F26489348004A6A1A /* PushNotificationPayload.apns */,
				01B12C0B26489348004A6A1A /* Preview Content */,
			);
			path = "SwiftUIComponents WatchKit Extension";
			sourceTree = "<group>";
		};
		01B12C0B26489348004A6A1A /* Preview Content */ = {
			isa = PBXGroup;
			children = (
				01B12C0C26489348004A6A1A /* Preview Assets.xcassets */,
			);
			path = "Preview Content";
			sourceTree = "<group>";
		};
		750BBD6C264BEE4E009CB1C9 /* Fonts */ = {
			isa = PBXGroup;
			children = (
				7582FFEB26495FC8002C7DC4 /* Lato-Thin.ttf */,
			);
			path = Fonts;
			sourceTree = "<group>";
		};
		750BBD6D264BEF14009CB1C9 /* New Components */ = {
			isa = PBXGroup;
			children = (
				0178C58426486C8E00F40667 /* TextEditorView.swift */,
				0178C5892648711100F40667 /* ProgressViewView.swift */,
				01B12BC2264877C4004A6A1A /* LinkView.swift */,
				01B12BCB26488079004A6A1A /* LabelView.swift */,
				01B12BC4264877CF004A6A1A /* ColorPickerView.swift */,
				01B12BCD264881E2004A6A1A /* DatePickerView.swift */,
				01B12BD526488CFE004A6A1A /* SignInWithAppleButtonView.swift */,
				0178C58D2648746500F40667 /* MapView.swift */,
				01B12BD326488929004A6A1A /* VideoPlayerView.swift */,
				01B12C1B2648942A004A6A1A /* GaugeView.swift */,
			);
			path = "New Components";
			sourceTree = "<group>";
		};
		750BBD78264BF51E009CB1C9 /* Extensions And Helpers */ = {
			isa = PBXGroup;
			children = (
				7582FFBA26491749002C7DC4 /* Helper.swift */,
				7582FFBD26491983002C7DC4 /* NavTitleModifier.swift */,
				01A6B733264C69D000934530 /* SegmentedControlView.swift */,
				01A6B73B264C78E500934530 /* OSPaddingModifier.swift */,
			);
			path = "Extensions And Helpers";
			sourceTree = "<group>";
		};
		7582FFC026491FA7002C7DC4 /* NewComponents */ = {
			isa = PBXGroup;
			children = (
			);
			path = NewComponents;
			sourceTree = "<group>";
		};
		7582FFC826493259002C7DC4 /* Sections */ = {
			isa = PBXGroup;
			children = (
				019175FD264D54E5007CAA5A /* Accessibilities */,
				750BBD6D264BEF14009CB1C9 /* New Components */,
				019175FE264D550E007CAA5A /* New Modifiers */,
				01A6B752264CAAEA00934530 /* Updated Components */,
				01917603264D6579007CAA5A /* AccessibilitiesSection.swift */,
				750BBD75264BF2B5009CB1C9 /* NewComponentsSection.swift */,
				019175FF264D656C007CAA5A /* NewViewModifiersSection.swift */,
				01A6B753264CAB2D00934530 /* UpdatedComponentsSection.swift */,
			);
			path = Sections;
			sourceTree = "<group>";
		};
		7582FFE726495F24002C7DC4 /* Assets */ = {
			isa = PBXGroup;
			children = (
				01A6B744264CA4D700934530 /* testVideo.mp4 */,
				75054016264E648700543114 /* testVideo2.mp4 */,
				750BBD6C264BEE4E009CB1C9 /* Fonts */,
				01A33E73264555C0002F689D /* Assets.xcassets */,
			);
			path = Assets;
			sourceTree = "<group>";
		};
/* End PBXGroup section */

/* Begin PBXNativeTarget section */
		01A33E77264555C0002F689D /* SwiftUIComponents (iOS) */ = {
			isa = PBXNativeTarget;
			buildConfigurationList = 01A33E8C264555C0002F689D /* Build configuration list for PBXNativeTarget "SwiftUIComponents (iOS)" */;
			buildPhases = (
				01A33E74264555C0002F689D /* Sources */,
				01A33E75264555C0002F689D /* Frameworks */,
				01A33E76264555C0002F689D /* Resources */,
			);
			buildRules = (
			);
			dependencies = (
			);
			name = "SwiftUIComponents (iOS)";
			productName = "SwiftUIComponents (iOS)";
			productReference = 01A33E78264555C0002F689D /* SwiftUIComponents.app */;
			productType = "com.apple.product-type.application";
		};
		01A33E7F264555C0002F689D /* SwiftUIComponents (macOS) */ = {
			isa = PBXNativeTarget;
			buildConfigurationList = 01A33E8F264555C0002F689D /* Build configuration list for PBXNativeTarget "SwiftUIComponents (macOS)" */;
			buildPhases = (
				01A33E7C264555C0002F689D /* Sources */,
				01A33E7D264555C0002F689D /* Frameworks */,
				01A33E7E264555C0002F689D /* Resources */,
			);
			buildRules = (
			);
			dependencies = (
			);
			name = "SwiftUIComponents (macOS)";
			productName = "SwiftUIComponents (macOS)";
			productReference = 01A33E80264555C0002F689D /* SwiftUIComponents.app */;
			productType = "com.apple.product-type.application";
		};
		01B12BEA26489346004A6A1A /* SwiftUIComponents */ = {
			isa = PBXNativeTarget;
			buildConfigurationList = 01B12C1826489348004A6A1A /* Build configuration list for PBXNativeTarget "SwiftUIComponents" */;
			buildPhases = (
				01B12BE926489346004A6A1A /* Resources */,
				01B12C1726489348004A6A1A /* Embed Watch Content */,
			);
			buildRules = (
			);
			dependencies = (
				01B12BF126489346004A6A1A /* PBXTargetDependency */,
			);
			name = SwiftUIComponents;
			productName = SwiftUIComponents;
			productReference = 01B12BEB26489346004A6A1A /* SwiftUIComponents.app */;
			productType = "com.apple.product-type.application.watchapp2-container";
		};
		01B12BED26489346004A6A1A /* SwiftUIComponents WatchKit App */ = {
			isa = PBXNativeTarget;
			buildConfigurationList = 01B12C1426489348004A6A1A /* Build configuration list for PBXNativeTarget "SwiftUIComponents WatchKit App" */;
			buildPhases = (
				01B12BEC26489346004A6A1A /* Resources */,
				01B12C1326489348004A6A1A /* Embed App Extensions */,
			);
			buildRules = (
			);
			dependencies = (
				01B12BFD26489347004A6A1A /* PBXTargetDependency */,
			);
			name = "SwiftUIComponents WatchKit App";
			productName = "SwiftUIComponents WatchKit App";
			productReference = 01B12BEE26489346004A6A1A /* SwiftUIComponents WatchKit App.app */;
			productType = "com.apple.product-type.application.watchapp2";
		};
		01B12BF926489347004A6A1A /* SwiftUIComponents WatchKit Extension */ = {
			isa = PBXNativeTarget;
			buildConfigurationList = 01B12C1026489348004A6A1A /* Build configuration list for PBXNativeTarget "SwiftUIComponents WatchKit Extension" */;
			buildPhases = (
				01B12BF626489347004A6A1A /* Sources */,
				01B12BF726489347004A6A1A /* Frameworks */,
				01B12BF826489347004A6A1A /* Resources */,
			);
			buildRules = (
			);
			dependencies = (
			);
			name = "SwiftUIComponents WatchKit Extension";
			productName = "SwiftUIComponents WatchKit Extension";
			productReference = 01B12BFA26489347004A6A1A /* SwiftUIComponents WatchKit Extension.appex */;
			productType = "com.apple.product-type.watchkit2-extension";
		};
/* End PBXNativeTarget section */

/* Begin PBXProject section */
		01A33E6C264555BE002F689D /* Project object */ = {
			isa = PBXProject;
			attributes = {
				LastSwiftUpdateCheck = 1250;
				LastUpgradeCheck = 1250;
				TargetAttributes = {
					01A33E77264555C0002F689D = {
						CreatedOnToolsVersion = 12.5;
					};
					01A33E7F264555C0002F689D = {
						CreatedOnToolsVersion = 12.5;
					};
					01B12BEA26489346004A6A1A = {
						CreatedOnToolsVersion = 12.5;
					};
					01B12BED26489346004A6A1A = {
						CreatedOnToolsVersion = 12.5;
					};
					01B12BF926489347004A6A1A = {
						CreatedOnToolsVersion = 12.5;
					};
				};
			};
			buildConfigurationList = 01A33E6F264555BE002F689D /* Build configuration list for PBXProject "SwiftUIComponents" */;
			compatibilityVersion = "Xcode 9.3";
			developmentRegion = en;
			hasScannedForEncodings = 0;
			knownRegions = (
				en,
				Base,
			);
			mainGroup = 01A33E6B264555BE002F689D;
			productRefGroup = 01A33E79264555C0002F689D /* Products */;
			projectDirPath = "";
			projectRoot = "";
			targets = (
				01A33E77264555C0002F689D /* SwiftUIComponents (iOS) */,
				01A33E7F264555C0002F689D /* SwiftUIComponents (macOS) */,
				01B12BEA26489346004A6A1A /* SwiftUIComponents */,
				01B12BED26489346004A6A1A /* SwiftUIComponents WatchKit App */,
				01B12BF926489347004A6A1A /* SwiftUIComponents WatchKit Extension */,
			);
		};
/* End PBXProject section */

/* Begin PBXResourcesBuildPhase section */
		01A33E76264555C0002F689D /* Resources */ = {
			isa = PBXResourcesBuildPhase;
			buildActionMask = 2147483647;
			files = (
				01A33E88264555C0002F689D /* Assets.xcassets in Resources */,
				7582FFEC26495FC9002C7DC4 /* Lato-Thin.ttf in Resources */,
				75054017264E648700543114 /* testVideo2.mp4 in Resources */,
				01A6B745264CA4D700934530 /* testVideo.mp4 in Resources */,
			);
			runOnlyForDeploymentPostprocessing = 0;
		};
		01A33E7E264555C0002F689D /* Resources */ = {
			isa = PBXResourcesBuildPhase;
			buildActionMask = 2147483647;
			files = (
				01A33E89264555C0002F689D /* Assets.xcassets in Resources */,
				7582FFED26495FC9002C7DC4 /* Lato-Thin.ttf in Resources */,
				75054018264E648700543114 /* testVideo2.mp4 in Resources */,
				01A6B746264CA4D700934530 /* testVideo.mp4 in Resources */,
			);
			runOnlyForDeploymentPostprocessing = 0;
		};
		01B12BE926489346004A6A1A /* Resources */ = {
			isa = PBXResourcesBuildPhase;
			buildActionMask = 2147483647;
			files = (
			);
			runOnlyForDeploymentPostprocessing = 0;
		};
		01B12BEC26489346004A6A1A /* Resources */ = {
			isa = PBXResourcesBuildPhase;
			buildActionMask = 2147483647;
			files = (
				01B12BF426489347004A6A1A /* Assets.xcassets in Resources */,
			);
			runOnlyForDeploymentPostprocessing = 0;
		};
		01B12BF826489347004A6A1A /* Resources */ = {
			isa = PBXResourcesBuildPhase;
			buildActionMask = 2147483647;
			files = (
				01B12C0D26489348004A6A1A /* Preview Assets.xcassets in Resources */,
				01A6B742264C861B00934530 /* Assets.xcassets in Resources */,
				75054019264E648700543114 /* testVideo2.mp4 in Resources */,
				01B12C0A26489348004A6A1A /* Assets.xcassets in Resources */,
				01A6B747264CA4D700934530 /* testVideo.mp4 in Resources */,
			);
			runOnlyForDeploymentPostprocessing = 0;
		};
/* End PBXResourcesBuildPhase section */

/* Begin PBXSourcesBuildPhase section */
		01A33E74264555C0002F689D /* Sources */ = {
			isa = PBXSourcesBuildPhase;
			buildActionMask = 2147483647;
			files = (
				0178C58E2648746500F40667 /* MapView.swift in Sources */,
				01B12BCA26487ADB004A6A1A /* ScrollViewReaderView.swift in Sources */,
				7582FFD826495452002C7DC4 /* ContextMenuView.swift in Sources */,
				01B12BD426488929004A6A1A /* VideoPlayerView.swift in Sources */,
				01B12BC7264877FC004A6A1A /* PageTabViewStyleView.swift in Sources */,
				7582FFE226495B57002C7DC4 /* DynamicTypeView.swift in Sources */,
				01A6B734264C69D000934530 /* SegmentedControlView.swift in Sources */,
				01B12BCE264881E2004A6A1A /* DatePickerView.swift in Sources */,
				01917600264D656C007CAA5A /* NewViewModifiersSection.swift in Sources */,
				0178C5912648766500F40667 /* OnChangeModifierView.swift in Sources */,
				0178C58526486C8E00F40667 /* TextEditorView.swift in Sources */,
				01B12BC5264877CF004A6A1A /* ColorPickerView.swift in Sources */,
				750BBD73264BF148009CB1C9 /* SwiftUIComponents.swift in Sources */,
				7582FFC626492F13002C7DC4 /* ListView.swift in Sources */,
				01A6B754264CAB2D00934530 /* UpdatedComponentsSection.swift in Sources */,
				01B12BD0264882E0004A6A1A /* RedactedModifierView.swift in Sources */,
				01917608264D6871007CAA5A /* ToggleView.swift in Sources */,
				01A33E84264555C0002F689D /* SwiftUIComponentsApp.swift in Sources */,
				01B12BCC26488079004A6A1A /* LabelView.swift in Sources */,
				7582FFDB264954BC002C7DC4 /* HelpModifierView.swift in Sources */,
				7582FFBE26491983002C7DC4 /* NavTitleModifier.swift in Sources */,
				01917604264D6579007CAA5A /* AccessibilitiesSection.swift in Sources */,
				01A6B73C264C78E500934530 /* OSPaddingModifier.swift in Sources */,
				0178C58A2648711100F40667 /* ProgressViewView.swift in Sources */,
				01B12BC3264877C4004A6A1A /* LinkView.swift in Sources */,
				01B12C21264897C4004A6A1A /* SFSymbolsView.swift in Sources */,
				01B12BD626488CFE004A6A1A /* SignInWithAppleButtonView.swift in Sources */,
				01B12C1F264896B4004A6A1A /* TextView.swift in Sources */,
				7582FFBB26491749002C7DC4 /* Helper.swift in Sources */,
				750BBD76264BF2B5009CB1C9 /* NewComponentsSection.swift in Sources */,
				01B12BD22648851E004A6A1A /* AppStoreOverlayView.swift in Sources */,
				01B12C23264898E0004A6A1A /* ToolbarView.swift in Sources */,
			);
			runOnlyForDeploymentPostprocessing = 0;
		};
		01A33E7C264555C0002F689D /* Sources */ = {
			isa = PBXSourcesBuildPhase;
			buildActionMask = 2147483647;
			files = (
				7582FFB526491639002C7DC4 /* VideoPlayerView.swift in Sources */,
				7582FFB726491639002C7DC4 /* LabelView.swift in Sources */,
				7582FFD926495452002C7DC4 /* ContextMenuView.swift in Sources */,
				7582FFAE26491639002C7DC4 /* ToolbarView.swift in Sources */,
				7582FFE326495B57002C7DC4 /* DynamicTypeView.swift in Sources */,
				01A6B735264C69D000934530 /* SegmentedControlView.swift in Sources */,
				7582FFB626491639002C7DC4 /* ProgressViewView.swift in Sources */,
				01917601264D656C007CAA5A /* NewViewModifiersSection.swift in Sources */,
				7582FFA726491618002C7DC4 /* ScrollViewReaderView.swift in Sources */,
				7582FFB126491639002C7DC4 /* LinkView.swift in Sources */,
				7582FFAB2649161C002C7DC4 /* RedactedModifierView.swift in Sources */,
				750BBD74264BF148009CB1C9 /* SwiftUIComponents.swift in Sources */,
				7582FFC726492F13002C7DC4 /* ListView.swift in Sources */,
				01A6B755264CAB2D00934530 /* UpdatedComponentsSection.swift in Sources */,
				7582FFAA2649161C002C7DC4 /* OnChangeModifierView.swift in Sources */,
				01917609264D6871007CAA5A /* ToggleView.swift in Sources */,
				7582FFB426491639002C7DC4 /* MapView.swift in Sources */,
				7582FFA526491618002C7DC4 /* TextView.swift in Sources */,
				7582FFB326491639002C7DC4 /* TextEditorView.swift in Sources */,
				7582FFDC264954BC002C7DC4 /* HelpModifierView.swift in Sources */,
				7582FFBF26491983002C7DC4 /* NavTitleModifier.swift in Sources */,
				01917605264D6579007CAA5A /* AccessibilitiesSection.swift in Sources */,
				01A6B73D264C78E500934530 /* OSPaddingModifier.swift in Sources */,
				7582FFB226491639002C7DC4 /* ColorPickerView.swift in Sources */,
				7582FFB826491639002C7DC4 /* DatePickerView.swift in Sources */,
				7582FFA82649161C002C7DC4 /* PageTabViewStyleView.swift in Sources */,
				7582FFAD26491639002C7DC4 /* SignInWithAppleButtonView.swift in Sources */,
				01A33E85264555C0002F689D /* SwiftUIComponentsApp.swift in Sources */,
				7582FFBC26491749002C7DC4 /* Helper.swift in Sources */,
				750BBD77264BF2B5009CB1C9 /* NewComponentsSection.swift in Sources */,
				7582FFA626491618002C7DC4 /* SFSymbolsView.swift in Sources */,
			);
			runOnlyForDeploymentPostprocessing = 0;
		};
		01B12BF626489347004A6A1A /* Sources */ = {
			isa = PBXSourcesBuildPhase;
			buildActionMask = 2147483647;
			files = (
				01DA6451264DC8E60084BA87 /* DynamicTypeView.swift in Sources */,
				01A6B740264C7D8100934530 /* LinkView.swift in Sources */,
				01917611264DAB08007CAA5A /* OnChangeModifierView.swift in Sources */,
				01A6B738264C725300934530 /* ProgressViewView.swift in Sources */,
				01DA6452264DCE1E0084BA87 /* HelpModifierView.swift in Sources */,
				01B12C0426489347004A6A1A /* NotificationController.swift in Sources */,
				01A6B737264C725000934530 /* NewComponentsSection.swift in Sources */,
				01A6B741264C804C00934530 /* LabelView.swift in Sources */,
				01A6B73F264C7ABE00934530 /* OSPaddingModifier.swift in Sources */,
				75024B97264AA3880042FC11 /* ToolbarView.swift in Sources */,
				01917606264D6579007CAA5A /* AccessibilitiesSection.swift in Sources */,
				01A6B73A264C733B00934530 /* SegmentedControlView.swift in Sources */,
				01A6B739264C733A00934530 /* NavTitleModifier.swift in Sources */,
				0191760B264D6BF3007CAA5A /* TextView.swift in Sources */,
				01A6B736264C724600934530 /* SwiftUIComponents.swift in Sources */,
				01A6B73E264C7AB900934530 /* Helper.swift in Sources */,
				7524CA7E264AAF410070E883 /* PageTabViewStyleView.swift in Sources */,
				75024B96264A9C490042FC11 /* MapView.swift in Sources */,
				01B12C0826489347004A6A1A /* ComplicationController.swift in Sources */,
				01A6B743264CA3EC00934530 /* VideoPlayerView.swift in Sources */,
				7524CA80264AB8DA0070E883 /* ScrollViewReaderView.swift in Sources */,
				0191760C264D930F007CAA5A /* SFSymbolsView.swift in Sources */,
				01A6B756264CAB2D00934530 /* UpdatedComponentsSection.swift in Sources */,
				01B12C0026489347004A6A1A /* SwiftUIComponentsApp.swift in Sources */,
				75024B95264A96830042FC11 /* SignInWithAppleButtonView.swift in Sources */,
				01917612264DAB08007CAA5A /* RedactedModifierView.swift in Sources */,
				01B12C1C2648942A004A6A1A /* GaugeView.swift in Sources */,
				01917602264D656C007CAA5A /* NewViewModifiersSection.swift in Sources */,
				0191760D264DA429007CAA5A /* ListView.swift in Sources */,
				019175FC264D52B9007CAA5A /* CarouselTabViewStyleView.swift in Sources */,
				0191760A264D6871007CAA5A /* ToggleView.swift in Sources */,
				01B12C0626489347004A6A1A /* NotificationView.swift in Sources */,
			);
			runOnlyForDeploymentPostprocessing = 0;
		};
/* End PBXSourcesBuildPhase section */

/* Begin PBXTargetDependency section */
		01B12BF126489346004A6A1A /* PBXTargetDependency */ = {
			isa = PBXTargetDependency;
			target = 01B12BED26489346004A6A1A /* SwiftUIComponents WatchKit App */;
			targetProxy = 01B12BF026489346004A6A1A /* PBXContainerItemProxy */;
		};
		01B12BFD26489347004A6A1A /* PBXTargetDependency */ = {
			isa = PBXTargetDependency;
			target = 01B12BF926489347004A6A1A /* SwiftUIComponents WatchKit Extension */;
			targetProxy = 01B12BFC26489347004A6A1A /* PBXContainerItemProxy */;
		};
/* End PBXTargetDependency section */

/* Begin XCBuildConfiguration section */
		01A33E8A264555C0002F689D /* Debug */ = {
			isa = XCBuildConfiguration;
			buildSettings = {
				ALWAYS_SEARCH_USER_PATHS = NO;
				CLANG_ANALYZER_NONNULL = YES;
				CLANG_ANALYZER_NUMBER_OBJECT_CONVERSION = YES_AGGRESSIVE;
				CLANG_CXX_LANGUAGE_STANDARD = "gnu++14";
				CLANG_CXX_LIBRARY = "libc++";
				CLANG_ENABLE_MODULES = YES;
				CLANG_ENABLE_OBJC_ARC = YES;
				CLANG_ENABLE_OBJC_WEAK = YES;
				CLANG_WARN_BLOCK_CAPTURE_AUTORELEASING = YES;
				CLANG_WARN_BOOL_CONVERSION = YES;
				CLANG_WARN_COMMA = YES;
				CLANG_WARN_CONSTANT_CONVERSION = YES;
				CLANG_WARN_DEPRECATED_OBJC_IMPLEMENTATIONS = YES;
				CLANG_WARN_DIRECT_OBJC_ISA_USAGE = YES_ERROR;
				CLANG_WARN_DOCUMENTATION_COMMENTS = YES;
				CLANG_WARN_EMPTY_BODY = YES;
				CLANG_WARN_ENUM_CONVERSION = YES;
				CLANG_WARN_INFINITE_RECURSION = YES;
				CLANG_WARN_INT_CONVERSION = YES;
				CLANG_WARN_NON_LITERAL_NULL_CONVERSION = YES;
				CLANG_WARN_OBJC_IMPLICIT_RETAIN_SELF = YES;
				CLANG_WARN_OBJC_LITERAL_CONVERSION = YES;
				CLANG_WARN_OBJC_ROOT_CLASS = YES_ERROR;
				CLANG_WARN_QUOTED_INCLUDE_IN_FRAMEWORK_HEADER = YES;
				CLANG_WARN_RANGE_LOOP_ANALYSIS = YES;
				CLANG_WARN_STRICT_PROTOTYPES = YES;
				CLANG_WARN_SUSPICIOUS_MOVE = YES;
				CLANG_WARN_UNGUARDED_AVAILABILITY = YES_AGGRESSIVE;
				CLANG_WARN_UNREACHABLE_CODE = YES;
				CLANG_WARN__DUPLICATE_METHOD_MATCH = YES;
				COPY_PHASE_STRIP = NO;
				DEBUG_INFORMATION_FORMAT = dwarf;
				ENABLE_STRICT_OBJC_MSGSEND = YES;
				ENABLE_TESTABILITY = YES;
				GCC_C_LANGUAGE_STANDARD = gnu11;
				GCC_DYNAMIC_NO_PIC = NO;
				GCC_NO_COMMON_BLOCKS = YES;
				GCC_OPTIMIZATION_LEVEL = 0;
				GCC_PREPROCESSOR_DEFINITIONS = (
					"DEBUG=1",
					"$(inherited)",
				);
				GCC_WARN_64_TO_32_BIT_CONVERSION = YES;
				GCC_WARN_ABOUT_RETURN_TYPE = YES_ERROR;
				GCC_WARN_UNDECLARED_SELECTOR = YES;
				GCC_WARN_UNINITIALIZED_AUTOS = YES_AGGRESSIVE;
				GCC_WARN_UNUSED_FUNCTION = YES;
				GCC_WARN_UNUSED_VARIABLE = YES;
				MTL_ENABLE_DEBUG_INFO = INCLUDE_SOURCE;
				MTL_FAST_MATH = YES;
				ONLY_ACTIVE_ARCH = YES;
				SWIFT_ACTIVE_COMPILATION_CONDITIONS = DEBUG;
				SWIFT_OPTIMIZATION_LEVEL = "-Onone";
			};
			name = Debug;
		};
		01A33E8B264555C0002F689D /* Release */ = {
			isa = XCBuildConfiguration;
			buildSettings = {
				ALWAYS_SEARCH_USER_PATHS = NO;
				CLANG_ANALYZER_NONNULL = YES;
				CLANG_ANALYZER_NUMBER_OBJECT_CONVERSION = YES_AGGRESSIVE;
				CLANG_CXX_LANGUAGE_STANDARD = "gnu++14";
				CLANG_CXX_LIBRARY = "libc++";
				CLANG_ENABLE_MODULES = YES;
				CLANG_ENABLE_OBJC_ARC = YES;
				CLANG_ENABLE_OBJC_WEAK = YES;
				CLANG_WARN_BLOCK_CAPTURE_AUTORELEASING = YES;
				CLANG_WARN_BOOL_CONVERSION = YES;
				CLANG_WARN_COMMA = YES;
				CLANG_WARN_CONSTANT_CONVERSION = YES;
				CLANG_WARN_DEPRECATED_OBJC_IMPLEMENTATIONS = YES;
				CLANG_WARN_DIRECT_OBJC_ISA_USAGE = YES_ERROR;
				CLANG_WARN_DOCUMENTATION_COMMENTS = YES;
				CLANG_WARN_EMPTY_BODY = YES;
				CLANG_WARN_ENUM_CONVERSION = YES;
				CLANG_WARN_INFINITE_RECURSION = YES;
				CLANG_WARN_INT_CONVERSION = YES;
				CLANG_WARN_NON_LITERAL_NULL_CONVERSION = YES;
				CLANG_WARN_OBJC_IMPLICIT_RETAIN_SELF = YES;
				CLANG_WARN_OBJC_LITERAL_CONVERSION = YES;
				CLANG_WARN_OBJC_ROOT_CLASS = YES_ERROR;
				CLANG_WARN_QUOTED_INCLUDE_IN_FRAMEWORK_HEADER = YES;
				CLANG_WARN_RANGE_LOOP_ANALYSIS = YES;
				CLANG_WARN_STRICT_PROTOTYPES = YES;
				CLANG_WARN_SUSPICIOUS_MOVE = YES;
				CLANG_WARN_UNGUARDED_AVAILABILITY = YES_AGGRESSIVE;
				CLANG_WARN_UNREACHABLE_CODE = YES;
				CLANG_WARN__DUPLICATE_METHOD_MATCH = YES;
				COPY_PHASE_STRIP = NO;
				DEBUG_INFORMATION_FORMAT = "dwarf-with-dsym";
				ENABLE_NS_ASSERTIONS = NO;
				ENABLE_STRICT_OBJC_MSGSEND = YES;
				GCC_C_LANGUAGE_STANDARD = gnu11;
				GCC_NO_COMMON_BLOCKS = YES;
				GCC_WARN_64_TO_32_BIT_CONVERSION = YES;
				GCC_WARN_ABOUT_RETURN_TYPE = YES_ERROR;
				GCC_WARN_UNDECLARED_SELECTOR = YES;
				GCC_WARN_UNINITIALIZED_AUTOS = YES_AGGRESSIVE;
				GCC_WARN_UNUSED_FUNCTION = YES;
				GCC_WARN_UNUSED_VARIABLE = YES;
				MTL_ENABLE_DEBUG_INFO = NO;
				MTL_FAST_MATH = YES;
				SWIFT_COMPILATION_MODE = wholemodule;
				SWIFT_OPTIMIZATION_LEVEL = "-O";
			};
			name = Release;
		};
		01A33E8D264555C0002F689D /* Debug */ = {
			isa = XCBuildConfiguration;
			buildSettings = {
				ASSETCATALOG_COMPILER_APPICON_NAME = AppIcon;
				ASSETCATALOG_COMPILER_GLOBAL_ACCENT_COLOR_NAME = AccentColor;
				CODE_SIGN_ENTITLEMENTS = SwiftUIComponents.entitlements;
				CODE_SIGN_IDENTITY = "Apple Development";
				CODE_SIGN_STYLE = Manual;
				DEVELOPMENT_TEAM = "";
				ENABLE_PREVIEWS = YES;
				INFOPLIST_FILE = iOS/Info.plist;
				IPHONEOS_DEPLOYMENT_TARGET = 14.0;
				LD_RUNPATH_SEARCH_PATHS = (
					"$(inherited)",
					"@executable_path/Frameworks",
				);
				PRODUCT_BUNDLE_IDENTIFIER = dev.padberg.SwiftUIComponents;
				PRODUCT_NAME = SwiftUIComponents;
				PROVISIONING_PROFILE_SPECIFIER = "";
				SDKROOT = iphoneos;
				SWIFT_VERSION = 5.0;
				TARGETED_DEVICE_FAMILY = "1,2";
			};
			name = Debug;
		};
		01A33E8E264555C0002F689D /* Release */ = {
			isa = XCBuildConfiguration;
			buildSettings = {
				ASSETCATALOG_COMPILER_APPICON_NAME = AppIcon;
				ASSETCATALOG_COMPILER_GLOBAL_ACCENT_COLOR_NAME = AccentColor;
				CODE_SIGN_ENTITLEMENTS = SwiftUIComponents.entitlements;
				CODE_SIGN_IDENTITY = "Apple Development";
				CODE_SIGN_STYLE = Manual;
				DEVELOPMENT_TEAM = "";
				ENABLE_PREVIEWS = YES;
				INFOPLIST_FILE = iOS/Info.plist;
				IPHONEOS_DEPLOYMENT_TARGET = 14.0;
				LD_RUNPATH_SEARCH_PATHS = (
					"$(inherited)",
					"@executable_path/Frameworks",
				);
				PRODUCT_BUNDLE_IDENTIFIER = dev.padberg.SwiftUIComponents;
				PRODUCT_NAME = SwiftUIComponents;
				PROVISIONING_PROFILE_SPECIFIER = "";
				SDKROOT = iphoneos;
				SWIFT_VERSION = 5.0;
				TARGETED_DEVICE_FAMILY = "1,2";
				VALIDATE_PRODUCT = YES;
			};
			name = Release;
		};
		01A33E90264555C0002F689D /* Debug */ = {
			isa = XCBuildConfiguration;
			buildSettings = {
				ASSETCATALOG_COMPILER_APPICON_NAME = AppIcon;
				ASSETCATALOG_COMPILER_GLOBAL_ACCENT_COLOR_NAME = AccentColor;
				CODE_SIGN_ENTITLEMENTS = macOS/macOS.entitlements;
				CODE_SIGN_IDENTITY = "Apple Development";
				CODE_SIGN_STYLE = Manual;
				COMBINE_HIDPI_IMAGES = YES;
				DEVELOPMENT_TEAM = U34VPSJBYW;
				ENABLE_HARDENED_RUNTIME = YES;
				ENABLE_PREVIEWS = YES;
				INFOPLIST_FILE = macOS/Info.plist;
				LD_RUNPATH_SEARCH_PATHS = (
					"$(inherited)",
					"@executable_path/../Frameworks",
				);
				MACOSX_DEPLOYMENT_TARGET = 11.0;
				PRODUCT_BUNDLE_IDENTIFIER = dev.padberg.SwiftUIComponents;
				PRODUCT_NAME = SwiftUIComponents;
				PROVISIONING_PROFILE_SPECIFIER = "";
				SDKROOT = macosx;
				SWIFT_VERSION = 5.0;
			};
			name = Debug;
		};
		01A33E91264555C0002F689D /* Release */ = {
			isa = XCBuildConfiguration;
			buildSettings = {
				ASSETCATALOG_COMPILER_APPICON_NAME = AppIcon;
				ASSETCATALOG_COMPILER_GLOBAL_ACCENT_COLOR_NAME = AccentColor;
				CODE_SIGN_ENTITLEMENTS = macOS/macOS.entitlements;
				CODE_SIGN_IDENTITY = "Apple Development";
				CODE_SIGN_STYLE = Manual;
				COMBINE_HIDPI_IMAGES = YES;
				DEVELOPMENT_TEAM = U34VPSJBYW;
				ENABLE_HARDENED_RUNTIME = YES;
				ENABLE_PREVIEWS = YES;
				INFOPLIST_FILE = macOS/Info.plist;
				LD_RUNPATH_SEARCH_PATHS = (
					"$(inherited)",
					"@executable_path/../Frameworks",
				);
				MACOSX_DEPLOYMENT_TARGET = 11.0;
				PRODUCT_BUNDLE_IDENTIFIER = dev.padberg.SwiftUIComponents;
				PRODUCT_NAME = SwiftUIComponents;
				PROVISIONING_PROFILE_SPECIFIER = "";
				SDKROOT = macosx;
				SWIFT_VERSION = 5.0;
			};
			name = Release;
		};
		01B12C1126489348004A6A1A /* Debug */ = {
			isa = XCBuildConfiguration;
			buildSettings = {
				ASSETCATALOG_COMPILER_COMPLICATION_NAME = Complication;
				CODE_SIGN_STYLE = Manual;
				DEVELOPMENT_ASSET_PATHS = "\"SwiftUIComponents WatchKit Extension/Preview Content\"";
				DEVELOPMENT_TEAM = "";
				ENABLE_PREVIEWS = YES;
				INFOPLIST_FILE = "SwiftUIComponents WatchKit Extension/Info.plist";
				LD_RUNPATH_SEARCH_PATHS = (
					"$(inherited)",
					"@executable_path/Frameworks",
					"@executable_path/../../Frameworks",
				);
				PRODUCT_BUNDLE_IDENTIFIER = dev.padberg.SwiftUIComponents.watchkitapp.watchkitextension;
				PRODUCT_NAME = "${TARGET_NAME}";
				PROVISIONING_PROFILE_SPECIFIER = "";
				SDKROOT = watchos;
				SKIP_INSTALL = YES;
				SWIFT_VERSION = 5.0;
				TARGETED_DEVICE_FAMILY = 4;
				WATCHOS_DEPLOYMENT_TARGET = 7.4;
			};
			name = Debug;
		};
		01B12C1226489348004A6A1A /* Release */ = {
			isa = XCBuildConfiguration;
			buildSettings = {
				ASSETCATALOG_COMPILER_COMPLICATION_NAME = Complication;
				CODE_SIGN_STYLE = Manual;
				DEVELOPMENT_ASSET_PATHS = "\"SwiftUIComponents WatchKit Extension/Preview Content\"";
				DEVELOPMENT_TEAM = "";
				ENABLE_PREVIEWS = YES;
				INFOPLIST_FILE = "SwiftUIComponents WatchKit Extension/Info.plist";
				LD_RUNPATH_SEARCH_PATHS = (
					"$(inherited)",
					"@executable_path/Frameworks",
					"@executable_path/../../Frameworks",
				);
				PRODUCT_BUNDLE_IDENTIFIER = dev.padberg.SwiftUIComponents.watchkitapp.watchkitextension;
				PRODUCT_NAME = "${TARGET_NAME}";
				PROVISIONING_PROFILE_SPECIFIER = "";
				SDKROOT = watchos;
				SKIP_INSTALL = YES;
				SWIFT_VERSION = 5.0;
				TARGETED_DEVICE_FAMILY = 4;
				VALIDATE_PRODUCT = YES;
				WATCHOS_DEPLOYMENT_TARGET = 7.4;
			};
			name = Release;
		};
		01B12C1526489348004A6A1A /* Debug */ = {
			isa = XCBuildConfiguration;
			buildSettings = {
				ALWAYS_EMBED_SWIFT_STANDARD_LIBRARIES = YES;
				ASSETCATALOG_COMPILER_APPICON_NAME = AppIcon;
				ASSETCATALOG_COMPILER_GLOBAL_ACCENT_COLOR_NAME = AccentColor;
				CODE_SIGN_STYLE = Manual;
				DEVELOPMENT_TEAM = "";
				IBSC_MODULE = SwiftUIComponents_WatchKit_Extension;
				INFOPLIST_FILE = "SwiftUIComponents WatchKit App/Info.plist";
				PRODUCT_BUNDLE_IDENTIFIER = dev.padberg.SwiftUIComponents.watchkitapp;
				PRODUCT_NAME = "$(TARGET_NAME)";
				PROVISIONING_PROFILE_SPECIFIER = "";
				SDKROOT = watchos;
				SKIP_INSTALL = YES;
				SWIFT_VERSION = 5.0;
				TARGETED_DEVICE_FAMILY = 4;
				WATCHOS_DEPLOYMENT_TARGET = 7.4;
			};
			name = Debug;
		};
		01B12C1626489348004A6A1A /* Release */ = {
			isa = XCBuildConfiguration;
			buildSettings = {
				ALWAYS_EMBED_SWIFT_STANDARD_LIBRARIES = YES;
				ASSETCATALOG_COMPILER_APPICON_NAME = AppIcon;
				ASSETCATALOG_COMPILER_GLOBAL_ACCENT_COLOR_NAME = AccentColor;
				CODE_SIGN_STYLE = Manual;
				DEVELOPMENT_TEAM = "";
				IBSC_MODULE = SwiftUIComponents_WatchKit_Extension;
				INFOPLIST_FILE = "SwiftUIComponents WatchKit App/Info.plist";
				PRODUCT_BUNDLE_IDENTIFIER = dev.padberg.SwiftUIComponents.watchkitapp;
				PRODUCT_NAME = "$(TARGET_NAME)";
				PROVISIONING_PROFILE_SPECIFIER = "";
				SDKROOT = watchos;
				SKIP_INSTALL = YES;
				SWIFT_VERSION = 5.0;
				TARGETED_DEVICE_FAMILY = 4;
				VALIDATE_PRODUCT = YES;
				WATCHOS_DEPLOYMENT_TARGET = 7.4;
			};
			name = Release;
		};
		01B12C1926489348004A6A1A /* Debug */ = {
			isa = XCBuildConfiguration;
			buildSettings = {
				CODE_SIGN_STYLE = Manual;
				CURRENT_PROJECT_VERSION = 1;
				DEVELOPMENT_TEAM = "";
				MARKETING_VERSION = 1.0;
				PRODUCT_BUNDLE_IDENTIFIER = dev.padberg.SwiftUIComponents;
				PRODUCT_NAME = "$(TARGET_NAME)";
				PROVISIONING_PROFILE_SPECIFIER = "";
				SDKROOT = iphoneos;
				SWIFT_VERSION = 5.0;
			};
			name = Debug;
		};
		01B12C1A26489348004A6A1A /* Release */ = {
			isa = XCBuildConfiguration;
			buildSettings = {
				CODE_SIGN_STYLE = Manual;
				CURRENT_PROJECT_VERSION = 1;
				DEVELOPMENT_TEAM = "";
				MARKETING_VERSION = 1.0;
				PRODUCT_BUNDLE_IDENTIFIER = dev.padberg.SwiftUIComponents;
				PRODUCT_NAME = "$(TARGET_NAME)";
				PROVISIONING_PROFILE_SPECIFIER = "";
				SDKROOT = iphoneos;
				SWIFT_VERSION = 5.0;
				VALIDATE_PRODUCT = YES;
			};
			name = Release;
		};
/* End XCBuildConfiguration section */

/* Begin XCConfigurationList section */
		01A33E6F264555BE002F689D /* Build configuration list for PBXProject "SwiftUIComponents" */ = {
			isa = XCConfigurationList;
			buildConfigurations = (
				01A33E8A264555C0002F689D /* Debug */,
				01A33E8B264555C0002F689D /* Release */,
			);
			defaultConfigurationIsVisible = 0;
			defaultConfigurationName = Release;
		};
		01A33E8C264555C0002F689D /* Build configuration list for PBXNativeTarget "SwiftUIComponents (iOS)" */ = {
			isa = XCConfigurationList;
			buildConfigurations = (
				01A33E8D264555C0002F689D /* Debug */,
				01A33E8E264555C0002F689D /* Release */,
			);
			defaultConfigurationIsVisible = 0;
			defaultConfigurationName = Release;
		};
		01A33E8F264555C0002F689D /* Build configuration list for PBXNativeTarget "SwiftUIComponents (macOS)" */ = {
			isa = XCConfigurationList;
			buildConfigurations = (
				01A33E90264555C0002F689D /* Debug */,
				01A33E91264555C0002F689D /* Release */,
			);
			defaultConfigurationIsVisible = 0;
			defaultConfigurationName = Release;
		};
		01B12C1026489348004A6A1A /* Build configuration list for PBXNativeTarget "SwiftUIComponents WatchKit Extension" */ = {
			isa = XCConfigurationList;
			buildConfigurations = (
				01B12C1126489348004A6A1A /* Debug */,
				01B12C1226489348004A6A1A /* Release */,
			);
			defaultConfigurationIsVisible = 0;
			defaultConfigurationName = Release;
		};
		01B12C1426489348004A6A1A /* Build configuration list for PBXNativeTarget "SwiftUIComponents WatchKit App" */ = {
			isa = XCConfigurationList;
			buildConfigurations = (
				01B12C1526489348004A6A1A /* Debug */,
				01B12C1626489348004A6A1A /* Release */,
			);
			defaultConfigurationIsVisible = 0;
			defaultConfigurationName = Release;
		};
		01B12C1826489348004A6A1A /* Build configuration list for PBXNativeTarget "SwiftUIComponents" */ = {
			isa = XCConfigurationList;
			buildConfigurations = (
				01B12C1926489348004A6A1A /* Debug */,
				01B12C1A26489348004A6A1A /* Release */,
			);
			defaultConfigurationIsVisible = 0;
			defaultConfigurationName = Release;
		};
/* End XCConfigurationList section */
	};
	rootObject = 01A33E6C264555BE002F689D /* Project object */;
}
